
Microsoft Visual Studio Solution File, Format Version 12.00
# Visual Studio Version 17
VisualStudioVersion = 17.0.31903.59
MinimumVisualStudioVersion = 10.0.40219.1
Project("{FAE04EC0-301F-11D3-BF4B-00C04F79EFBC}") = "BlazingTrails.Api", "BlazingTrails.Api\BlazingTrails.Api.csproj", "{B411ED92-E189-47E9-A6AD-2E23D2A008DC}"
EndProject
Project("{FAE04EC0-301F-11D3-BF4B-00C04F79EFBC}") = "BlazingTrails.Shared", "BlazingTrails.Shared\BlazingTrails.Shared.csproj", "{F7D102B6-77A4-4D6A-8FC6-B1490770EE72}"
EndProject
Project("{FAE04EC0-301F-11D3-BF4B-00C04F79EFBC}") = "BlazingTrails.Client", "BlazingTrails.Client\BlazingTrails.Client.csproj", "{4D985DB8-C950-4B7E-A5B2-8E3E88707C93}"
EndProject
Project("{FAE04EC0-301F-11D3-BF4B-00C04F79EFBC}") = "BlazingTrails.ComponentLibrary", "BlazingTrails.ComponentLibrary\BlazingTrails.ComponentLibrary.csproj", "{6F756457-0DBE-4117-BAFE-2C0223C28FB8}"
EndProject
Global
	GlobalSection(SolutionConfigurationPlatforms) = preSolution
		Debug|Any CPU = Debug|Any CPU
		Release|Any CPU = Release|Any CPU
	EndGlobalSection
	GlobalSection(SolutionProperties) = preSolution
		HideSolutionNode = FALSE
	EndGlobalSection
	GlobalSection(ProjectConfigurationPlatforms) = postSolution
		{B411ED92-E189-47E9-A6AD-2E23D2A008DC}.Debug|Any CPU.ActiveCfg = Debug|Any CPU
		{B411ED92-E189-47E9-A6AD-2E23D2A008DC}.Debug|Any CPU.Build.0 = Debug|Any CPU
		{B411ED92-E189-47E9-A6AD-2E23D2A008DC}.Release|Any CPU.ActiveCfg = Release|Any CPU
		{B411ED92-E189-47E9-A6AD-2E23D2A008DC}.Release|Any CPU.Build.0 = Release|Any CPU
		{F7D102B6-77A4-4D6A-8FC6-B1490770EE72}.Debug|Any CPU.ActiveCfg = Debug|Any CPU
		{F7D102B6-77A4-4D6A-8FC6-B1490770EE72}.Debug|Any CPU.Build.0 = Debug|Any CPU
		{F7D102B6-77A4-4D6A-8FC6-B1490770EE72}.Release|Any CPU.ActiveCfg = Release|Any CPU
		{F7D102B6-77A4-4D6A-8FC6-B1490770EE72}.Release|Any CPU.Build.0 = Release|Any CPU
		{4D985DB8-C950-4B7E-A5B2-8E3E88707C93}.Debug|Any CPU.ActiveCfg = Debug|Any CPU
		{4D985DB8-C950-4B7E-A5B2-8E3E88707C93}.Debug|Any CPU.Build.0 = Debug|Any CPU
		{4D985DB8-C950-4B7E-A5B2-8E3E88707C93}.Release|Any CPU.ActiveCfg = Release|Any CPU
		{4D985DB8-C950-4B7E-A5B2-8E3E88707C93}.Release|Any CPU.Build.0 = Release|Any CPU
		{6F756457-0DBE-4117-BAFE-2C0223C28FB8}.Debug|Any CPU.ActiveCfg = Debug|Any CPU
		{6F756457-0DBE-4117-BAFE-2C0223C28FB8}.Debug|Any CPU.Build.0 = Debug|Any CPU
		{6F756457-0DBE-4117-BAFE-2C0223C28FB8}.Release|Any CPU.ActiveCfg = Release|Any CPU
		{6F756457-0DBE-4117-BAFE-2C0223C28FB8}.Release|Any CPU.Build.0 = Release|Any CPU
	EndGlobalSection
EndGlobal
